
Microsoft Visual Studio Solution File, Format Version 12.00
Project("{FAE04EC0-301F-11D3-BF4B-00C04F79EFBC}") = "OakTestePratico", "OakTestePratico\OakTestePratico.csproj", "{50A43810-B1B1-4F81-A72F-96E5B798E394}"
EndProject
Global
	GlobalSection(SolutionConfigurationPlatforms) = preSolution
		Debug|Any CPU = Debug|Any CPU
		Release|Any CPU = Release|Any CPU
	EndGlobalSection
	GlobalSection(ProjectConfigurationPlatforms) = postSolution
		{50A43810-B1B1-4F81-A72F-96E5B798E394}.Debug|Any CPU.ActiveCfg = Debug|Any CPU
		{50A43810-B1B1-4F81-A72F-96E5B798E394}.Debug|Any CPU.Build.0 = Debug|Any CPU
		{50A43810-B1B1-4F81-A72F-96E5B798E394}.Release|Any CPU.ActiveCfg = Release|Any CPU
		{50A43810-B1B1-4F81-A72F-96E5B798E394}.Release|Any CPU.Build.0 = Release|Any CPU
	EndGlobalSection
EndGlobal
